
Microsoft Visual Studio Solution File, Format Version 12.00
# Visual Studio Version 17
VisualStudioVersion = 17.0.31912.275
MinimumVisualStudioVersion = 10.0.40219.1
Project("{FAE04EC0-301F-11D3-BF4B-00C04F79EFBC}") = "BookList", "BookList\BookList.csproj", "{B4C31212-DA99-4CF1-BEF5-040725602826}"
EndProject
Global
	GlobalSection(SolutionConfigurationPlatforms) = preSolution
		Debug|Any CPU = Debug|Any CPU
		Release|Any CPU = Release|Any CPU
	EndGlobalSection
	GlobalSection(ProjectConfigurationPlatforms) = postSolution
		{B4C31212-DA99-4CF1-BEF5-040725602826}.Debug|Any CPU.ActiveCfg = Debug|Any CPU
		{B4C31212-DA99-4CF1-BEF5-040725602826}.Debug|Any CPU.Build.0 = Debug|Any CPU
		{B4C31212-DA99-4CF1-BEF5-040725602826}.Release|Any CPU.ActiveCfg = Release|Any CPU
		{B4C31212-DA99-4CF1-BEF5-040725602826}.Release|Any CPU.Build.0 = Release|Any CPU
	EndGlobalSection
	GlobalSection(SolutionProperties) = preSolution
		HideSolutionNode = FALSE
	EndGlobalSection
	GlobalSection(ExtensibilityGlobals) = postSolution
		SolutionGuid = {AE98415C-09F8-4FCE-8950-8D0002BAF912}
	EndGlobalSection
EndGlobal
